// !$*UTF8*$!
{
	archiveVersion = 1;
	classes = {
	};
	objectVersion = 50;
	objects = {

/* Begin PBXBuildFile section */
		3719733E260C0BF90021980A /* AppDelegate.swift in Sources */ = {isa = PBXBuildFile; fileRef = 3719733D260C0BF90021980A /* AppDelegate.swift */; };
		37197340260C0BF90021980A /* SceneDelegate.swift in Sources */ = {isa = PBXBuildFile; fileRef = 3719733F260C0BF90021980A /* SceneDelegate.swift */; };
		37197342260C0BF90021980A /* ViewController.swift in Sources */ = {isa = PBXBuildFile; fileRef = 37197341260C0BF90021980A /* ViewController.swift */; };
		37197345260C0BF90021980A /* Main.storyboard in Resources */ = {isa = PBXBuildFile; fileRef = 37197343260C0BF90021980A /* Main.storyboard */; };
		37197347260C0BF90021980A /* Assets.xcassets in Resources */ = {isa = PBXBuildFile; fileRef = 37197346260C0BF90021980A /* Assets.xcassets */; };
		3719734A260C0BF90021980A /* LaunchScreen.storyboard in Resources */ = {isa = PBXBuildFile; fileRef = 37197348260C0BF90021980A /* LaunchScreen.storyboard */; };
		37197355260C0BFA0021980A /* PrototipoTests.swift in Sources */ = {isa = PBXBuildFile; fileRef = 37197354260C0BFA0021980A /* PrototipoTests.swift */; };
		37197360260C0BFA0021980A /* PrototipoUITests.swift in Sources */ = {isa = PBXBuildFile; fileRef = 3719735F260C0BFA0021980A /* PrototipoUITests.swift */; };
/* End PBXBuildFile section */

/* Begin PBXContainerItemProxy section */
		37197351260C0BFA0021980A /* PBXContainerItemProxy */ = {
			isa = PBXContainerItemProxy;
			containerPortal = 37197332260C0BF90021980A /* Project object */;
			proxyType = 1;
			remoteGlobalIDString = 37197339260C0BF90021980A;
			remoteInfo = Prototipo;
		};
		3719735C260C0BFA0021980A /* PBXContainerItemProxy */ = {
			isa = PBXContainerItemProxy;
			containerPortal = 37197332260C0BF90021980A /* Project object */;
			proxyType = 1;
			remoteGlobalIDString = 37197339260C0BF90021980A;
			remoteInfo = Prototipo;
		};
/* End PBXContainerItemProxy section */

/* Begin PBXFileReference section */
		3719733A260C0BF90021980A /* Prototipo.app */ = {isa = PBXFileReference; explicitFileType = wrapper.application; includeInIndex = 0; path = Prototipo.app; sourceTree = BUILT_PRODUCTS_DIR; };
		3719733D260C0BF90021980A /* AppDelegate.swift */ = {isa = PBXFileReference; lastKnownFileType = sourcecode.swift; path = AppDelegate.swift; sourceTree = "<group>"; };
		3719733F260C0BF90021980A /* SceneDelegate.swift */ = {isa = PBXFileReference; lastKnownFileType = sourcecode.swift; path = SceneDelegate.swift; sourceTree = "<group>"; };
		37197341260C0BF90021980A /* ViewController.swift */ = {isa = PBXFileReference; lastKnownFileType = sourcecode.swift; path = ViewController.swift; sourceTree = "<group>"; };
		37197344260C0BF90021980A /* Base */ = {isa = PBXFileReference; lastKnownFileType = file.storyboard; name = Base; path = Base.lproj/Main.storyboard; sourceTree = "<group>"; };
		37197346260C0BF90021980A /* Assets.xcassets */ = {isa = PBXFileReference; lastKnownFileType = folder.assetcatalog; path = Assets.xcassets; sourceTree = "<group>"; };
		37197349260C0BF90021980A /* Base */ = {isa = PBXFileReference; lastKnownFileType = file.storyboard; name = Base; path = Base.lproj/LaunchScreen.storyboard; sourceTree = "<group>"; };
		3719734B260C0BF90021980A /* Info.plist */ = {isa = PBXFileReference; lastKnownFileType = text.plist.xml; path = Info.plist; sourceTree = "<group>"; };
		37197350260C0BFA0021980A /* PrototipoTests.xctest */ = {isa = PBXFileReference; explicitFileType = wrapper.cfbundle; includeInIndex = 0; path = PrototipoTests.xctest; sourceTree = BUILT_PRODUCTS_DIR; };
		37197354260C0BFA0021980A /* PrototipoTests.swift */ = {isa = PBXFileReference; lastKnownFileType = sourcecode.swift; path = PrototipoTests.swift; sourceTree = "<group>"; };
		37197356260C0BFA0021980A /* Info.plist */ = {isa = PBXFileReference; lastKnownFileType = text.plist.xml; path = Info.plist; sourceTree = "<group>"; };
		3719735B260C0BFA0021980A /* PrototipoUITests.xctest */ = {isa = PBXFileReference; explicitFileType = wrapper.cfbundle; includeInIndex = 0; path = PrototipoUITests.xctest; sourceTree = BUILT_PRODUCTS_DIR; };
		3719735F260C0BFA0021980A /* PrototipoUITests.swift */ = {isa = PBXFileReference; lastKnownFileType = sourcecode.swift; path = PrototipoUITests.swift; sourceTree = "<group>"; };
		37197361260C0BFA0021980A /* Info.plist */ = {isa = PBXFileReference; lastKnownFileType = text.plist.xml; path = Info.plist; sourceTree = "<group>"; };
/* End PBXFileReference section */

/* Begin PBXFrameworksBuildPhase section */
		37197337260C0BF90021980A /* Frameworks */ = {
			isa = PBXFrameworksBuildPhase;
			buildActionMask = 2147483647;
			files = (
			);
			runOnlyForDeploymentPostprocessing = 0;
		};
		3719734D260C0BFA0021980A /* Frameworks */ = {
			isa = PBXFrameworksBuildPhase;
			buildActionMask = 2147483647;
			files = (
			);
			runOnlyForDeploymentPostprocessing = 0;
		};
		37197358260C0BFA0021980A /* Frameworks */ = {
			isa = PBXFrameworksBuildPhase;
			buildActionMask = 2147483647;
			files = (
			);
			runOnlyForDeploymentPostprocessing = 0;
		};
/* End PBXFrameworksBuildPhase section */

/* Begin PBXGroup section */
		37197331260C0BF90021980A = {
			isa = PBXGroup;
			children = (
				3719733C260C0BF90021980A /* Prototipo */,
				37197353260C0BFA0021980A /* PrototipoTests */,
				3719735E260C0BFA0021980A /* PrototipoUITests */,
				3719733B260C0BF90021980A /* Products */,
			);
			sourceTree = "<group>";
		};
		3719733B260C0BF90021980A /* Products */ = {
			isa = PBXGroup;
			children = (
				3719733A260C0BF90021980A /* Prototipo.app */,
				37197350260C0BFA0021980A /* PrototipoTests.xctest */,
				3719735B260C0BFA0021980A /* PrototipoUITests.xctest */,
			);
			name = Products;
			sourceTree = "<group>";
		};
		3719733C260C0BF90021980A /* Prototipo */ = {
			isa = PBXGroup;
			children = (
				3719733D260C0BF90021980A /* AppDelegate.swift */,
				3719733F260C0BF90021980A /* SceneDelegate.swift */,
				37197341260C0BF90021980A /* ViewController.swift */,
				37197343260C0BF90021980A /* Main.storyboard */,
				37197346260C0BF90021980A /* Assets.xcassets */,
				37197348260C0BF90021980A /* LaunchScreen.storyboard */,
				3719734B260C0BF90021980A /* Info.plist */,
			);
			path = Prototipo;
			sourceTree = "<group>";
		};
		37197353260C0BFA0021980A /* PrototipoTests */ = {
			isa = PBXGroup;
			children = (
				37197354260C0BFA0021980A /* PrototipoTests.swift */,
				37197356260C0BFA0021980A /* Info.plist */,
			);
			path = PrototipoTests;
			sourceTree = "<group>";
		};
		3719735E260C0BFA0021980A /* PrototipoUITests */ = {
			isa = PBXGroup;
			children = (
				3719735F260C0BFA0021980A /* PrototipoUITests.swift */,
				37197361260C0BFA0021980A /* Info.plist */,
			);
			path = PrototipoUITests;
			sourceTree = "<group>";
		};
/* End PBXGroup section */

/* Begin PBXNativeTarget section */
		37197339260C0BF90021980A /* Prototipo */ = {
			isa = PBXNativeTarget;
			buildConfigurationList = 37197364260C0BFA0021980A /* Build configuration list for PBXNativeTarget "Prototipo" */;
			buildPhases = (
				37197336260C0BF90021980A /* Sources */,
				37197337260C0BF90021980A /* Frameworks */,
				37197338260C0BF90021980A /* Resources */,
			);
			buildRules = (
			);
			dependencies = (
			);
			name = Prototipo;
			productName = Prototipo;
			productReference = 3719733A260C0BF90021980A /* Prototipo.app */;
			productType = "com.apple.product-type.application";
		};
		3719734F260C0BFA0021980A /* PrototipoTests */ = {
			isa = PBXNativeTarget;
			buildConfigurationList = 37197367260C0BFA0021980A /* Build configuration list for PBXNativeTarget "PrototipoTests" */;
			buildPhases = (
				3719734C260C0BFA0021980A /* Sources */,
				3719734D260C0BFA0021980A /* Frameworks */,
				3719734E260C0BFA0021980A /* Resources */,
			);
			buildRules = (
			);
			dependencies = (
				37197352260C0BFA0021980A /* PBXTargetDependency */,
			);
			name = PrototipoTests;
			productName = PrototipoTests;
			productReference = 37197350260C0BFA0021980A /* PrototipoTests.xctest */;
			productType = "com.apple.product-type.bundle.unit-test";
		};
		3719735A260C0BFA0021980A /* PrototipoUITests */ = {
			isa = PBXNativeTarget;
			buildConfigurationList = 3719736A260C0BFA0021980A /* Build configuration list for PBXNativeTarget "PrototipoUITests" */;
			buildPhases = (
				37197357260C0BFA0021980A /* Sources */,
				37197358260C0BFA0021980A /* Frameworks */,
				37197359260C0BFA0021980A /* Resources */,
			);
			buildRules = (
			);
			dependencies = (
				3719735D260C0BFA0021980A /* PBXTargetDependency */,
			);
			name = PrototipoUITests;
			productName = PrototipoUITests;
			productReference = 3719735B260C0BFA0021980A /* PrototipoUITests.xctest */;
			productType = "com.apple.product-type.bundle.ui-testing";
		};
/* End PBXNativeTarget section */

/* Begin PBXProject section */
		37197332260C0BF90021980A /* Project object */ = {
			isa = PBXProject;
			attributes = {
				LastSwiftUpdateCheck = 1130;
				LastUpgradeCheck = 1130;
				ORGANIZATIONNAME = user182892;
				TargetAttributes = {
					37197339260C0BF90021980A = {
						CreatedOnToolsVersion = 11.3.1;
					};
					3719734F260C0BFA0021980A = {
						CreatedOnToolsVersion = 11.3.1;
						TestTargetID = 37197339260C0BF90021980A;
					};
					3719735A260C0BFA0021980A = {
						CreatedOnToolsVersion = 11.3.1;
						TestTargetID = 37197339260C0BF90021980A;
					};
				};
			};
			buildConfigurationList = 37197335260C0BF90021980A /* Build configuration list for PBXProject "Prototipo" */;
			compatibilityVersion = "Xcode 9.3";
			developmentRegion = en;
			hasScannedForEncodings = 0;
			knownRegions = (
				en,
				Base,
			);
			mainGroup = 37197331260C0BF90021980A;
			productRefGroup = 3719733B260C0BF90021980A /* Products */;
			projectDirPath = "";
			projectRoot = "";
			targets = (
				37197339260C0BF90021980A /* Prototipo */,
				3719734F260C0BFA0021980A /* PrototipoTests */,
				3719735A260C0BFA0021980A /* PrototipoUITests */,
			);
		};
/* End PBXProject section */

/* Begin PBXResourcesBuildPhase section */
		37197338260C0BF90021980A /* Resources */ = {
			isa = PBXResourcesBuildPhase;
			buildActionMask = 2147483647;
			files = (
				3719734A260C0BF90021980A /* LaunchScreen.storyboard in Resources */,
				37197347260C0BF90021980A /* Assets.xcassets in Resources */,
				37197345260C0BF90021980A /* Main.storyboard in Resources */,
			);
			runOnlyForDeploymentPostprocessing = 0;
		};
		3719734E260C0BFA0021980A /* Resources */ = {
			isa = PBXResourcesBuildPhase;
			buildActionMask = 2147483647;
			files = (
			);
			runOnlyForDeploymentPostprocessing = 0;
		};
		37197359260C0BFA0021980A /* Resources */ = {
			isa = PBXResourcesBuildPhase;
			buildActionMask = 2147483647;
			files = (
			);
			runOnlyForDeploymentPostprocessing = 0;
		};
/* End PBXResourcesBuildPhase section */

/* Begin PBXSourcesBuildPhase section */
		37197336260C0BF90021980A /* Sources */ = {
			isa = PBXSourcesBuildPhase;
			buildActionMask = 2147483647;
			files = (
				37197342260C0BF90021980A /* ViewController.swift in Sources */,
				3719733E260C0BF90021980A /* AppDelegate.swift in Sources */,
				37197340260C0BF90021980A /* SceneDelegate.swift in Sources */,
			);
			runOnlyForDeploymentPostprocessing = 0;
		};
		3719734C260C0BFA0021980A /* Sources */ = {
			isa = PBXSourcesBuildPhase;
			buildActionMask = 2147483647;
			files = (
				37197355260C0BFA0021980A /* PrototipoTests.swift in Sources */,
			);
			runOnlyForDeploymentPostprocessing = 0;
		};
		37197357260C0BFA0021980A /* Sources */ = {
			isa = PBXSourcesBuildPhase;
			buildActionMask = 2147483647;
			files = (
				37197360260C0BFA0021980A /* PrototipoUITests.swift in Sources */,
			);
			runOnlyForDeploymentPostprocessing = 0;
		};
/* End PBXSourcesBuildPhase section */

/* Begin PBXTargetDependency section */
		37197352260C0BFA0021980A /* PBXTargetDependency */ = {
			isa = PBXTargetDependency;
			target = 37197339260C0BF90021980A /* Prototipo */;
			targetProxy = 37197351260C0BFA0021980A /* PBXContainerItemProxy */;
		};
		3719735D260C0BFA0021980A /* PBXTargetDependency */ = {
			isa = PBXTargetDependency;
			target = 37197339260C0BF90021980A /* Prototipo */;
			targetProxy = 3719735C260C0BFA0021980A /* PBXContainerItemProxy */;
		};
/* End PBXTargetDependency section */

/* Begin PBXVariantGroup section */
		37197343260C0BF90021980A /* Main.storyboard */ = {
			isa = PBXVariantGroup;
			children = (
				37197344260C0BF90021980A /* Base */,
			);
			name = Main.storyboard;
			sourceTree = "<group>";
		};
		37197348260C0BF90021980A /* LaunchScreen.storyboard */ = {
			isa = PBXVariantGroup;
			children = (
				37197349260C0BF90021980A /* Base */,
			);
			name = LaunchScreen.storyboard;
			sourceTree = "<group>";
		};
/* End PBXVariantGroup section */

/* Begin XCBuildConfiguration section */
		37197362260C0BFA0021980A /* Debug */ = {
			isa = XCBuildConfiguration;
			buildSettings = {
				ALWAYS_SEARCH_USER_PATHS = NO;
				CLANG_ANALYZER_NONNULL = YES;
				CLANG_ANALYZER_NUMBER_OBJECT_CONVERSION = YES_AGGRESSIVE;
				CLANG_CXX_LANGUAGE_STANDARD = "gnu++14";
				CLANG_CXX_LIBRARY = "libc++";
				CLANG_ENABLE_MODULES = YES;
				CLANG_ENABLE_OBJC_ARC = YES;
				CLANG_ENABLE_OBJC_WEAK = YES;
				CLANG_WARN_BLOCK_CAPTURE_AUTORELEASING = YES;
				CLANG_WARN_BOOL_CONVERSION = YES;
				CLANG_WARN_COMMA = YES;
				CLANG_WARN_CONSTANT_CONVERSION = YES;
				CLANG_WARN_DEPRECATED_OBJC_IMPLEMENTATIONS = YES;
				CLANG_WARN_DIRECT_OBJC_ISA_USAGE = YES_ERROR;
				CLANG_WARN_DOCUMENTATION_COMMENTS = YES;
				CLANG_WARN_EMPTY_BODY = YES;
				CLANG_WARN_ENUM_CONVERSION = YES;
				CLANG_WARN_INFINITE_RECURSION = YES;
				CLANG_WARN_INT_CONVERSION = YES;
				CLANG_WARN_NON_LITERAL_NULL_CONVERSION = YES;
				CLANG_WARN_OBJC_IMPLICIT_RETAIN_SELF = YES;
				CLANG_WARN_OBJC_LITERAL_CONVERSION = YES;
				CLANG_WARN_OBJC_ROOT_CLASS = YES_ERROR;
				CLANG_WARN_RANGE_LOOP_ANALYSIS = YES;
				CLANG_WARN_STRICT_PROTOTYPES = YES;
				CLANG_WARN_SUSPICIOUS_MOVE = YES;
				CLANG_WARN_UNGUARDED_AVAILABILITY = YES_AGGRESSIVE;
				CLANG_WARN_UNREACHABLE_CODE = YES;
				CLANG_WARN__DUPLICATE_METHOD_MATCH = YES;
				COPY_PHASE_STRIP = NO;
				DEBUG_INFORMATION_FORMAT = dwarf;
				ENABLE_STRICT_OBJC_MSGSEND = YES;
				ENABLE_TESTABILITY = YES;
				GCC_C_LANGUAGE_STANDARD = gnu11;
				GCC_DYNAMIC_NO_PIC = NO;
				GCC_NO_COMMON_BLOCKS = YES;
				GCC_OPTIMIZATION_LEVEL = 0;
				GCC_PREPROCESSOR_DEFINITIONS = (
					"DEBUG=1",
					"$(inherited)",
				);
				GCC_WARN_64_TO_32_BIT_CONVERSION = YES;
				GCC_WARN_ABOUT_RETURN_TYPE = YES_ERROR;
				GCC_WARN_UNDECLARED_SELECTOR = YES;
				GCC_WARN_UNINITIALIZED_AUTOS = YES_AGGRESSIVE;
				GCC_WARN_UNUSED_FUNCTION = YES;
				GCC_WARN_UNUSED_VARIABLE = YES;
				IPHONEOS_DEPLOYMENT_TARGET = 13.2;
				MTL_ENABLE_DEBUG_INFO = INCLUDE_SOURCE;
				MTL_FAST_MATH = YES;
				ONLY_ACTIVE_ARCH = YES;
				SDKROOT = iphoneos;
				SWIFT_ACTIVE_COMPILATION_CONDITIONS = DEBUG;
				SWIFT_OPTIMIZATION_LEVEL = "-Onone";
			};
			name = Debug;
		};
		37197363260C0BFA0021980A /* Release */ = {
			isa = XCBuildConfiguration;
			buildSettings = {
				ALWAYS_SEARCH_USER_PATHS = NO;
				CLANG_ANALYZER_NONNULL = YES;
				CLANG_ANALYZER_NUMBER_OBJECT_CONVERSION = YES_AGGRESSIVE;
				CLANG_CXX_LANGUAGE_STANDARD = "gnu++14";
				CLANG_CXX_LIBRARY = "libc++";
				CLANG_ENABLE_MODULES = YES;
				CLANG_ENABLE_OBJC_ARC = YES;
				CLANG_ENABLE_OBJC_WEAK = YES;
				CLANG_WARN_BLOCK_CAPTURE_AUTORELEASING = YES;
				CLANG_WARN_BOOL_CONVERSION = YES;
				CLANG_WARN_COMMA = YES;
				CLANG_WARN_CONSTANT_CONVERSION = YES;
				CLANG_WARN_DEPRECATED_OBJC_IMPLEMENTATIONS = YES;
				CLANG_WARN_DIRECT_OBJC_ISA_USAGE = YES_ERROR;
				CLANG_WARN_DOCUMENTATION_COMMENTS = YES;
				CLANG_WARN_EMPTY_BODY = YES;
				CLANG_WARN_ENUM_CONVERSION = YES;
				CLANG_WARN_INFINITE_RECURSION = YES;
				CLANG_WARN_INT_CONVERSION = YES;
				CLANG_WARN_NON_LITERAL_NULL_CONVERSION = YES;
				CLANG_WARN_OBJC_IMPLICIT_RETAIN_SELF = YES;
				CLANG_WARN_OBJC_LITERAL_CONVERSION = YES;
				CLANG_WARN_OBJC_ROOT_CLASS = YES_ERROR;
				CLANG_WARN_RANGE_LOOP_ANALYSIS = YES;
				CLANG_WARN_STRICT_PROTOTYPES = YES;
				CLANG_WARN_SUSPICIOUS_MOVE = YES;
				CLANG_WARN_UNGUARDED_AVAILABILITY = YES_AGGRESSIVE;
				CLANG_WARN_UNREACHABLE_CODE = YES;
				CLANG_WARN__DUPLICATE_METHOD_MATCH = YES;
				COPY_PHASE_STRIP = NO;
				DEBUG_INFORMATION_FORMAT = "dwarf-with-dsym";
				ENABLE_NS_ASSERTIONS = NO;
				ENABLE_STRICT_OBJC_MSGSEND = YES;
				GCC_C_LANGUAGE_STANDARD = gnu11;
				GCC_NO_COMMON_BLOCKS = YES;
				GCC_WARN_64_TO_32_BIT_CONVERSION = YES;
				GCC_WARN_ABOUT_RETURN_TYPE = YES_ERROR;
				GCC_WARN_UNDECLARED_SELECTOR = YES;
				GCC_WARN_UNINITIALIZED_AUTOS = YES_AGGRESSIVE;
				GCC_WARN_UNUSED_FUNCTION = YES;
				GCC_WARN_UNUSED_VARIABLE = YES;
				IPHONEOS_DEPLOYMENT_TARGET = 13.2;
				MTL_ENABLE_DEBUG_INFO = NO;
				MTL_FAST_MATH = YES;
				SDKROOT = iphoneos;
				SWIFT_COMPILATION_MODE = wholemodule;
				SWIFT_OPTIMIZATION_LEVEL = "-O";
				VALIDATE_PRODUCT = YES;
			};
			name = Release;
		};
		37197365260C0BFA0021980A /* Debug */ = {
			isa = XCBuildConfiguration;
			buildSettings = {
				ASSETCATALOG_COMPILER_APPICON_NAME = AppIcon;
				CODE_SIGN_STYLE = Automatic;
				INFOPLIST_FILE = Prototipo/Info.plist;
				IPHONEOS_DEPLOYMENT_TARGET = 13.0;
				LD_RUNPATH_SEARCH_PATHS = (
					"$(inherited)",
					"@executable_path/Frameworks",
				);
				PRODUCT_BUNDLE_IDENTIFIER = OEA.Prototipo;
				PRODUCT_NAME = "$(TARGET_NAME)";
				SWIFT_VERSION = 5.0;
				TARGETED_DEVICE_FAMILY = "1,2";
			};
			name = Debug;
		};
		37197366260C0BFA0021980A /* Release */ = {
			isa = XCBuildConfiguration;
			buildSettings = {
				ASSETCATALOG_COMPILER_APPICON_NAME = AppIcon;
				CODE_SIGN_STYLE = Automatic;
				INFOPLIST_FILE = Prototipo/Info.plist;
				IPHONEOS_DEPLOYMENT_TARGET = 13.0;
				LD_RUNPATH_SEARCH_PATHS = (
					"$(inherited)",
					"@executable_path/Frameworks",
				);
				PRODUCT_BUNDLE_IDENTIFIER = OEA.Prototipo;
				PRODUCT_NAME = "$(TARGET_NAME)";
				SWIFT_VERSION = 5.0;
				TARGETED_DEVICE_FAMILY = "1,2";
			};
			name = Release;
		};
		37197368260C0BFA0021980A /* Debug */ = {
			isa = XCBuildConfiguration;
			buildSettings = {
				ALWAYS_EMBED_SWIFT_STANDARD_LIBRARIES = YES;
				BUNDLE_LOADER = "$(TEST_HOST)";
				CODE_SIGN_STYLE = Automatic;
				INFOPLIST_FILE = PrototipoTests/Info.plist;
				IPHONEOS_DEPLOYMENT_TARGET = 13.2;
				LD_RUNPATH_SEARCH_PATHS = (
					"$(inherited)",
					"@executable_path/Frameworks",
					"@loader_path/Frameworks",
				);
				PRODUCT_BUNDLE_IDENTIFIER = OEA.PrototipoTests;
				PRODUCT_NAME = "$(TARGET_NAME)";
				SWIFT_VERSION = 5.0;
				TARGETED_DEVICE_FAMILY = "1,2";
				TEST_HOST = "$(BUILT_PRODUCTS_DIR)/Prototipo.app/Prototipo";
			};
			name = Debug;
		};
		37197369260C0BFA0021980A /* Release */ = {
			isa = XCBuildConfiguration;
			buildSettings = {
				ALWAYS_EMBED_SWIFT_STANDARD_LIBRARIES = YES;
				BUNDLE_LOADER = "$(TEST_HOST)";
				CODE_SIGN_STYLE = Automatic;
				INFOPLIST_FILE = PrototipoTests/Info.plist;
				IPHONEOS_DEPLOYMENT_TARGET = 13.2;
				LD_RUNPATH_SEARCH_PATHS = (
					"$(inherited)",
					"@executable_path/Frameworks",
					"@loader_path/Frameworks",
				);
				PRODUCT_BUNDLE_IDENTIFIER = OEA.PrototipoTests;
				PRODUCT_NAME = "$(TARGET_NAME)";
				SWIFT_VERSION = 5.0;
				TARGETED_DEVICE_FAMILY = "1,2";
				TEST_HOST = "$(BUILT_PRODUCTS_DIR)/Prototipo.app/Prototipo";
			};
			name = Release;
		};
		3719736B260C0BFA0021980A /* Debug */ = {
			isa = XCBuildConfiguration;
			buildSettings = {
				ALWAYS_EMBED_SWIFT_STANDARD_LIBRARIES = YES;
				CODE_SIGN_STYLE = Automatic;
				INFOPLIST_FILE = PrototipoUITests/Info.plist;
				LD_RUNPATH_SEARCH_PATHS = (
					"$(inherited)",
					"@executable_path/Frameworks",
					"@loader_path/Frameworks",
				);
				PRODUCT_BUNDLE_IDENTIFIER = OEA.PrototipoUITests;
				PRODUCT_NAME = "$(TARGET_NAME)";
				SWIFT_VERSION = 5.0;
				TARGETED_DEVICE_FAMILY = "1,2";
				TEST_TARGET_NAME = Prototipo;
			};
			name = Debug;
		};
		3719736C260C0BFA0021980A /* Release */ = {
			isa = XCBuildConfiguration;
			buildSettings = {
				ALWAYS_EMBED_SWIFT_STANDARD_LIBRARIES = YES;
				CODE_SIGN_STYLE = Automatic;
				INFOPLIST_FILE = PrototipoUITests/Info.plist;
				LD_RUNPATH_SEARCH_PATHS = (
					"$(inherited)",
					"@executable_path/Frameworks",
					"@loader_path/Frameworks",
				);
				PRODUCT_BUNDLE_IDENTIFIER = OEA.PrototipoUITests;
				PRODUCT_NAME = "$(TARGET_NAME)";
				SWIFT_VERSION = 5.0;
				TARGETED_DEVICE_FAMILY = "1,2";
				TEST_TARGET_NAME = Prototipo;
			};
			name = Release;
		};
/* End XCBuildConfiguration section */

/* Begin XCConfigurationList section */
		37197335260C0BF90021980A /* Build configuration list for PBXProject "Prototipo" */ = {
			isa = XCConfigurationList;
			buildConfigurations = (
				37197362260C0BFA0021980A /* Debug */,
				37197363260C0BFA0021980A /* Release */,
			);
			defaultConfigurationIsVisible = 0;
			defaultConfigurationName = Release;
		};
		37197364260C0BFA0021980A /* Build configuration list for PBXNativeTarget "Prototipo" */ = {
			isa = XCConfigurationList;
			buildConfigurations = (
				37197365260C0BFA0021980A /* Debug */,
				37197366260C0BFA0021980A /* Release */,
			);
			defaultConfigurationIsVisible = 0;
			defaultConfigurationName = Release;
		};
		37197367260C0BFA0021980A /* Build configuration list for PBXNativeTarget "PrototipoTests" */ = {
			isa = XCConfigurationList;
			buildConfigurations = (
				37197368260C0BFA0021980A /* Debug */,
				37197369260C0BFA0021980A /* Release */,
			);
			defaultConfigurationIsVisible = 0;
			defaultConfigurationName = Release;
		};
		3719736A260C0BFA0021980A /* Build configuration list for PBXNativeTarget "PrototipoUITests" */ = {
			isa = XCConfigurationList;
			buildConfigurations = (
				3719736B260C0BFA0021980A /* Debug */,
				3719736C260C0BFA0021980A /* Release */,
			);
			defaultConfigurationIsVisible = 0;
			defaultConfigurationName = Release;
		};
/* End XCConfigurationList section */
	};
	rootObject = 37197332260C0BF90021980A /* Project object */;
}
